{
  "name": "@neolio42/pixel-office",
  "version": "0.1.1",
  "lockfileVersion": 3,
  "requires": true,
  "packages": {
    "": {
      "name": "@neolio42/pixel-office",
      "version": "0.1.1",
      "license": "MIT",
      "dependencies": {
        "@xterm/addon-fit": "^0.11.0",
        "@xterm/xterm": "^6.0.0",
        "next": "16.1.6",
        "node-pty": "^1.2.0-beta.12",
        "react": "19.2.3",
        "react-dom": "19.2.3",
        "tsx": "^4.21.0",
        "ws": "^8.19.0"
      },
      "bin": {
        "pixel-office": "bin.sh"
      },
      "devDependencies": {
        "@tailwindcss/postcss": "^4",
        "@testing-library/jest-dom": "^6.9.1",
        "@testing-library/react": "^16.3.2",
        "@testing-library/user-event": "^14.6.1",
        "@types/node": "^20",
        "@types/react": "^19",
        "@types/react-dom": "^19",
        "@types/ws": "^8.18.1",
        "eslint": "^9",
        "eslint-config-next": "16.1.6",
        "jsdom": "^29.0.1",
        "tailwindcss": "^4",
        "typescript": "^5.9.3",
        "vitest": "^4.1.2"
      }
    },
    "node_modules/@adobe/css-tools": {
      "version": "4.4.4",
      "resolved": "https://registry.npmjs.org/@adobe/css-tools/-/css-tools-4.4.4.tgz",
      "integrity": "sha512-Elp+iwUx5rN5+Y8xLt5/GRoG20WGoDCQ/1Fb+1LiGtvwbDavuSk0jhD/eZdckHAuzcDzccnkv+rEjyWfRx18gg==",
      "dev": true
    },
    "node_modules/@alloc/quick-lru": {
      "version": "5.2.0",
      "resolved": "https://registry.npmjs.org/@alloc/quick-lru/-/quick-lru-5.2.0.tgz",
      "integrity": "sha512-UrcABB+4bUrFABwbluTIBErXwvbsU/V7TZWfmbgJfbkwiBuziS9gxdODUyuiecfdGQ85jglMW6juS3+z5TsKLw==",
      "dev": true,
      "license": "MIT",
      "engines": {
        "node": ">=10"
      },
      "funding": {
        "url": "https://github.com/sponsors/sindresorhus"
      }
    },
    "node_modules/@asamuzakjp/css-color": {
      "version": "5.1.5",
      "resolved": "https://registry.npmjs.org/@asamuzakjp/css-color/-/css-color-5.1.5.tgz",
      "integrity": "sha512-8cMAA1bE66Mb/tfmkhcfJLjEPgyT7SSy6lW6id5XL113ai1ky76d/1L27sGnXCMsLfq66DInAU3OzuahB4lu9Q==",
      "dev": true,
      "dependencies": {
        "@csstools/css-calc": "^3.1.1",
        "@csstools/css-color-parser": "^4.0.2",
        "@csstools/css-parser-algorithms": "^4.0.0",
        "@csstools/css-tokenizer": "^4.0.0",
        "lru-cache": "^11.2.7"
      },
      "engines": {
        "node": "^20.19.0 || ^22.12.0 || >=24.0.0"
      }
    },
    "node_modules/@asamuzakjp/css-color/node_modules/lru-cache": {
      "version": "11.2.7",
      "resolved": "https://registry.npmjs.org/lru-cache/-/lru-cache-11.2.7.tgz",
      "integrity": "sha512-aY/R+aEsRelme17KGQa/1ZSIpLpNYYrhcrepKTZgE+W3WM16YMCaPwOHLHsmopZHELU0Ojin1lPVxKR0MihncA==",
      "dev": true,
      "engines": {
        "node": "20 || >=22"
      }
    },
    "node_modules/@asamuzakjp/dom-selector": {
      "version": "7.0.6",
      "resolved": "https://registry.npmjs.org/@asamuzakjp/dom-selector/-/dom-selector-7.0.6.tgz",
      "integrity": "sha512-Tgmk6EQM0nc9xvp7sEHRVavbknhb/vGKht+04yAT3t5KQwZ02CSobCtcFgaHH04ZrjD1BhEKNA8tRhzFV20gkA==",
      "dev": true,
      "dependencies": {
        "@asamuzakjp/nwsapi": "^2.3.9",
        "bidi-js": "^1.0.3",
        "css-tree": "^3.2.1",
        "is-potential-custom-element-name": "^1.0.1",
        "lru-cache": "^11.2.7"
      },
      "engines": {
        "node": "^20.19.0 || ^22.12.0 || >=24.0.0"
      }
    },
    "node_modules/@asamuzakjp/dom-selector/node_modules/lru-cache": {
      "version": "11.2.7",
      "resolved": "https://registry.npmjs.org/lru-cache/-/lru-cache-11.2.7.tgz",
      "integrity": "sha512-aY/R+aEsRelme17KGQa/1ZSIpLpNYYrhcrepKTZgE+W3WM16YMCaPwOHLHsmopZHELU0Ojin1lPVxKR0MihncA==",
      "dev": true,
      "engines": {
        "node": "20 || >=22"
      }
    },
    "node_modules/@asamuzakjp/nwsapi": {
      "version": "2.3.9",
      "resolved": "https://registry.npmjs.org/@asamuzakjp/nwsapi/-/nwsapi-2.3.9.tgz",
      "integrity": "sha512-n8GuYSrI9bF7FFZ/SjhwevlHc8xaVlb/7HmHelnc/PZXBD2ZR49NnN9sMMuDdEGPeeRQ5d0hqlSlEpgCX3Wl0Q==",
      "dev": true
    },
    "node_modules/@babel/code-frame": {
      "version": "7.29.0",
      "resolved": "https://registry.npmjs.org/@babel/code-frame/-/code-frame-7.29.0.tgz",
      "integrity": "sha512-9NhCeYjq9+3uxgdtp20LSiJXJvN0FeCtNGpJxuMFZ1Kv3cWUNb6DOhJwUvcVCzKGR66cw4njwM6hrJLqgOwbcw==",
      "dev": true,
      "license": "MIT",
      "dependencies": {
        "@babel/helper-validator-identifier": "^7.28.5",
        "js-tokens": "^4.0.0",
        "picocolors": "^1.1.1"
      },
      "engines": {
        "node": ">=6.9.0"
      }
    },
    "node_modules/@babel/compat-data": {
      "version": "7.29.0",
      "resolved": "https://registry.npmjs.org/@babel/compat-data/-/compat-data-7.29.0.tgz",
      "integrity": "sha512-T1NCJqT/j9+cn8fvkt7jtwbLBfLC/1y1c7NtCeXFRgzGTsafi68MRv8yzkYSapBnFA6L3U2VSc02ciDzoAJhJg==",
      "dev": true,
      "license": "MIT",
      "engines": {
        "node": ">=6.9.0"
      }
    },
    "node_modules/@babel/core": {
      "version": "7.29.0",
      "resolved": "https://registry.npmjs.org/@babel/core/-/core-7.29.0.tgz",
      "integrity": "sha512-CGOfOJqWjg2qW/Mb6zNsDm+u5vFQ8DxXfbM09z69p5Z6+mE1ikP2jUXw+j42Pf1XTYED2Rni5f95npYeuwMDQA==",
      "dev": true,
      "license": "MIT",
      "dependencies": {
        "@babel/code-frame": "^7.29.0",
        "@babel/generator": "^7.29.0",
        "@babel/helper-compilation-targets": "^7.28.6",
        "@babel/helper-module-transforms": "^7.28.6",
        "@babel/helpers": "^7.28.6",
        "@babel/parser": "^7.29.0",
        "@babel/template": "^7.28.6",
        "@babel/traverse": "^7.29.0",
        "@babel/types": "^7.29.0",
        "@jridgewell/remapping": "^2.3.5",
        "convert-source-map": "^2.0.0",
        "debug": "^4.1.0",
        "gensync": "^1.0.0-beta.2",
        "json5": "^2.2.3",
        "semver": "^6.3.1"
      },
      "engines": {
        "node": ">=6.9.0"
      },
      "funding": {
        "type": "opencollective",
        "url": "https://opencollective.com/babel"
      }
    },
    "node_modules/@babel/generator": {
      "version": "7.29.1",
      "resolved": "https://registry.npmjs.org/@babel/generator/-/generator-7.29.1.tgz",
      "integrity": "sha512-qsaF+9Qcm2Qv8SRIMMscAvG4O3lJ0F1GuMo5HR/Bp02LopNgnZBC/EkbevHFeGs4ls/oPz9v+Bsmzbkbe+0dUw==",
      "dev": true,
      "license": "MIT",
      "dependencies": {
        "@babel/parser": "^7.29.0",
        "@babel/types": "^7.29.0",
        "@jridgewell/gen-mapping": "^0.3.12",
        "@jridgewell/trace-mapping": "^0.3.28",
        "jsesc": "^3.0.2"
      },
      "engines": {
        "node": ">=6.9.0"
      }
    },
    "node_modules/@babel/helper-compilation-targets": {
      "version": "7.28.6",
      "resolved": "https://registry.npmjs.org/@babel/helper-compilation-targets/-/helper-compilation-targets-7.28.6.tgz",
      "integrity": "sha512-JYtls3hqi15fcx5GaSNL7SCTJ2MNmjrkHXg4FSpOA/grxK8KwyZ5bubHsCq8FXCkua6xhuaaBit+3b7+VZRfcA==",
      "dev": true,
      "license": "MIT",
      "dependencies": {
        "@babel/compat-data": "^7.28.6",
        "@babel/helper-validator-option": "^7.27.1",
        "browserslist": "^4.24.0",
        "lru-cache": "^5.1.1",
        "semver": "^6.3.1"
      },
      "engines": {
        "node": ">=6.9.0"
      }
    },
    "node_modules/@babel/helper-globals": {
      "version": "7.28.0",
      "resolved": "https://registry.npmjs.org/@babel/helper-globals/-/helper-globals-7.28.0.tgz",
      "integrity": "sha512-+W6cISkXFa1jXsDEdYA8HeevQT/FULhxzR99pxphltZcVaugps53THCeiWA8SguxxpSp3gKPiuYfSWopkLQ4hw==",
      "dev": true,
      "license": "MIT",
      "engines": {
        "node": ">=6.9.0"
      }
    },
    "node_modules/@babel/helper-module-imports": {
      "version": "7.28.6",
      "resolved": "https://registry.npmjs.org/@babel/helper-module-imports/-/helper-module-imports-7.28.6.tgz",
      "integrity": "sha512-l5XkZK7r7wa9LucGw9LwZyyCUscb4x37JWTPz7swwFE/0FMQAGpiWUZn8u9DzkSBWEcK25jmvubfpw2dnAMdbw==",
      "dev": true,
      "license": "MIT",
      "dependencies": {
        "@babel/traverse": "^7.28.6",
        "@babel/types": "^7.28.6"
      },
      "engines": {
        "node": ">=6.9.0"
      }
    },
    "node_modules/@babel/helper-module-transforms": {
      "version": "7.28.6",
      "resolved": "https://registry.npmjs.org/@babel/helper-module-transforms/-/helper-module-transforms-7.28.6.tgz",
      "integrity": "sha512-67oXFAYr2cDLDVGLXTEABjdBJZ6drElUSI7WKp70NrpyISso3plG9SAGEF6y7zbha/wOzUByWWTJvEDVNIUGcA==",
      "dev": true,
      "license": "MIT",
      "dependencies": {
        "@babel/helper-module-imports": "^7.28.6",
        "@babel/helper-validator-identifier": "^7.28.5",
        "@babel/traverse": "^7.28.6"
      },
      "engines": {
        "node": ">=6.9.0"
      },
      "peerDependencies": {
        "@babel/core": "^7.0.0"
      }
    },
    "node_modules/@babel/helper-string-parser": {
      "version": "7.27.1",
      "resolved": "https://registry.npmjs.org/@babel/helper-string-parser/-/helper-string-parser-7.27.1.tgz",
      "integrity": "sha512-qMlSxKbpRlAridDExk92nSobyDdpPijUq2DW6oDnUqd0iOGxmQjyqhMIihI9+zv4LPyZdRje2cavWPbCbWm3eA==",
      "dev": true,
      "license": "MIT",
      "engines": {
        "node": ">=6.9.0"
      }
    },
    "node_modules/@babel/helper-validator-identifier": {
      "version": "7.28.5",
      "resolved": "https://registry.npmjs.org/@babel/helper-validator-identifier/-/helper-validator-identifier-7.28.5.tgz",
      "integrity": "sha512-qSs4ifwzKJSV39ucNjsvc6WVHs6b7S03sOh2OcHF9UHfVPqWWALUsNUVzhSBiItjRZoLHx7nIarVjqKVusUZ1Q==",
      "dev": true,
      "license": "MIT",
      "engines": {
        "node": ">=6.9.0"
      }
    },
    "node_modules/@babel/helper-validator-option": {
      "version": "7.27.1",
      "resolved": "https://registry.npmjs.org/@babel/helper-validator-option/-/helper-validator-option-7.27.1.tgz",
      "integrity": "sha512-YvjJow9FxbhFFKDSuFnVCe2WxXk1zWc22fFePVNEaWJEu8IrZVlda6N0uHwzZrUM1il7NC9Mlp4MaJYbYd9JSg==",
      "dev": true,
      "license": "MIT",
      "engines": {
        "node": ">=6.9.0"
      }
    },
    "node_modules/@babel/helpers": {
      "version": "7.28.6",
      "resolved": "https://registry.npmjs.org/@babel/helpers/-/helpers-7.28.6.tgz",
      "integrity": "sha512-xOBvwq86HHdB7WUDTfKfT/Vuxh7gElQ+Sfti2Cy6yIWNW05P8iUslOVcZ4/sKbE+/jQaukQAdz/gf3724kYdqw==",
      "dev": true,
      "license": "MIT",
      "dependencies": {
        "@babel/template": "^7.28.6",
        "@babel/types": "^7.28.6"
      },
      "engines": {
        "node": ">=6.9.0"
      }
    },
    "node_modules/@babel/parser": {
      "version": "7.29.0",
      "resolved": "https://registry.npmjs.org/@babel/parser/-/parser-7.29.0.tgz",
      "integrity": "sha512-IyDgFV5GeDUVX4YdF/3CPULtVGSXXMLh1xVIgdCgxApktqnQV0r7/8Nqthg+8YLGaAtdyIlo2qIdZrbCv4+7ww==",
      "dev": true,
      "license": "MIT",
      "dependencies": {
        "@babel/types": "^7.29.0"
      },
      "bin": {
        "parser": "bin/babel-parser.js"
      },
      "engines": {
        "node": ">=6.0.0"
      }
    },
    "node_modules/@babel/runtime": {
      "version": "7.29.2",
      "resolved": "https://registry.npmjs.org/@babel/runtime/-/runtime-7.29.2.tgz",
      "integrity": "sha512-JiDShH45zKHWyGe4ZNVRrCjBz8Nh9TMmZG1kh4QTK8hCBTWBi8Da+i7s1fJw7/lYpM4ccepSNfqzZ/QvABBi5g==",
      "dev": true,
      "engines": {
        "node": ">=6.9.0"
      }
    },
    "node_modules/@babel/template": {
      "version": "7.28.6",
      "resolved": "https://registry.npmjs.org/@babel/template/-/template-7.28.6.tgz",
      "integrity": "sha512-YA6Ma2KsCdGb+WC6UpBVFJGXL58MDA6oyONbjyF/+5sBgxY/dwkhLogbMT2GXXyU84/IhRw/2D1Os1B/giz+BQ==",
      "dev": true,
      "license": "MIT",
      "dependencies": {
        "@babel/code-frame": "^7.28.6",
        "@babel/parser": "^7.28.6",
        "@babel/types": "^7.28.6"
      },
      "engines": {
        "node": ">=6.9.0"
      }
    },
    "node_modules/@babel/traverse": {
      "version": "7.29.0",
      "resolved": "https://registry.npmjs.org/@babel/traverse/-/traverse-7.29.0.tgz",
      "integrity": "sha512-4HPiQr0X7+waHfyXPZpWPfWL/J7dcN1mx9gL6WdQVMbPnF3+ZhSMs8tCxN7oHddJE9fhNE7+lxdnlyemKfJRuA==",
      "dev": true,
      "license": "MIT",
      "dependencies": {
        "@babel/code-frame": "^7.29.0",
        "@babel/generator": "^7.29.0",
        "@babel/helper-globals": "^7.28.0",
        "@babel/parser": "^7.29.0",
        "@babel/template": "^7.28.6",
        "@babel/types": "^7.29.0",
        "debug": "^4.3.1"
      },
      "engines": {
        "node": ">=6.9.0"
      }
    },
    "node_modules/@babel/types": {
      "version": "7.29.0",
      "resolved": "https://registry.npmjs.org/@babel/types/-/types-7.29.0.tgz",
      "integrity": "sha512-LwdZHpScM4Qz8Xw2iKSzS+cfglZzJGvofQICy7W7v4caru4EaAmyUuO6BGrbyQ2mYV11W0U8j5mBhd14dd3B0A==",
      "dev": true,
      "license": "MIT",
      "dependencies": {
        "@babel/helper-string-parser": "^7.27.1",
        "@babel/helper-validator-identifier": "^7.28.5"
      },
      "engines": {
        "node": ">=6.9.0"
      }
    },
    "node_modules/@bramus/specificity": {
      "version": "2.4.2",
      "resolved": "https://registry.npmjs.org/@bramus/specificity/-/specificity-2.4.2.tgz",
      "integrity": "sha512-ctxtJ/eA+t+6q2++vj5j7FYX3nRu311q1wfYH3xjlLOsczhlhxAg2FWNUXhpGvAw3BWo1xBcvOV6/YLc2r5FJw==",
      "dev": true,
      "dependencies": {
        "css-tree": "^3.0.0"
      },
      "bin": {
        "specificity": "bin/cli.js"
      }
    },
    "node_modules/@csstools/color-helpers": {
      "version": "6.0.2",
      "resolved": "https://registry.npmjs.org/@csstools/color-helpers/-/color-helpers-6.0.2.tgz",
      "integrity": "sha512-LMGQLS9EuADloEFkcTBR3BwV/CGHV7zyDxVRtVDTwdI2Ca4it0CCVTT9wCkxSgokjE5Ho41hEPgb8OEUwoXr6Q==",
      "dev": true,
      "funding": [
        {
          "type": "github",
          "url": "https://github.com/sponsors/csstools"
        },
        {
          "type": "opencollective",
          "url": "https://opencollective.com/csstools"
        }
      ],
      "engines": {
        "node": ">=20.19.0"
      }
    },
    "node_modules/@csstools/css-calc": {
      "version": "3.1.1",
      "resolved": "https://registry.npmjs.org/@csstools/css-calc/-/css-calc-3.1.1.tgz",
      "integrity": "sha512-HJ26Z/vmsZQqs/o3a6bgKslXGFAungXGbinULZO3eMsOyNJHeBBZfup5FiZInOghgoM4Hwnmw+OgbJCNg1wwUQ==",
      "dev": true,
      "funding": [
        {
          "type": "github",
          "url": "https://github.com/sponsors/csstools"
        },
        {
          "type": "opencollective",
          "url": "https://opencollective.com/csstools"
        }
      ],
      "engines": {
        "node": ">=20.19.0"
      },
      "peerDependencies": {
        "@csstools/css-parser-algorithms": "^4.0.0",
        "@csstools/css-tokenizer": "^4.0.0"
      }
    },
    "node_modules/@csstools/css-color-parser9DÏQ4ÑPÐ€L@÷çÍzñÈZ®Ê&ŠÛ^v‹­¡þ4ó^¼¶‹Z”‰•Í…±…‘”ˆè€‰xÌ¸È¸Àˆ°(€€€€€€€€‰Á¥½½±½ÉÌˆè€‰xÄ¸Ä¸Äˆ(€€€€€ô°(€€€€€€‰‰¥¸ˆèì(€€€€€€€€‰ÕÁ‘…Ñ”µ‰É½ÝÍ•ÉÍ±¥ÍÐµ‘ˆˆè€‰±¤¹©Ìˆ(€€€€€ô°(€€€€€€‰Á••É•Á•¹‘•¹¥•Ìˆèì(€€€€€€€€‰‰É½ÝÍ•ÉÍ±¥ÍÐˆè€ˆøô€Ð¸ÈÄ¸Àˆ(€€€€€ô(€€€ô°(€€€€‰¹½‘•}µ½‘Õ±•Ì½ÕÉ¤µ©Ìˆèì(€€€€€€‰Ù•ÉÍ¥½¸ˆè€ˆÐ¸Ð¸Äˆ°(€€€€€€‰É•Í½±Ù•ˆè€‰¡ÑÑÁÌè¼½É•¥ÍÑÉä¹¹Áµ©Ì¹½Éœ½ÕÉ¤µ©Ì¼´½ÕÉ¤µ©Ì´Ð¸Ð¸Ä¹Ñèˆ°(€€€€€€‰¥¹Ñ•É¥Ñäˆè€‰Í¡„ÔÄÈ´ÝÉ-UåäÌÍDÅåŒäáÁDÅµ1ÑÝ`ÄÀåÝQ%™]±\Åe‘¼á]°Å¥¤ÅM•!¥•• Á!!™A•0É™5a,ÙèÁÌá•-Ìå™ÉÕ1)Ù¹‘	œôôˆ°(€€€€€€‰‘•ØˆèÑÉÕ”°(€€€€€€‰±¥•¹Í”ˆè€‰	M´Èµ±…ÕÍ”ˆ°(€€€€€€‰‘•Á•¹‘•¹¥•Ìˆèì(€€€€€€€€‰ÁÕ¹å½‘”ˆè€‰xÈ¸Ä¸Àˆ(€€€€€ô(€€€ô°(€€€€‰¹½‘•}µ½‘Õ±•Ì½Ù¥Ñ”ˆèì(€€€€€€‰Ù•ÉÍ¥½¸ˆè€ˆà¸À¸Ìˆ°(€€€€€€‰É•Í½±Ù•ˆè€‰¡ÑÑÁÌè¼½É•¥ÍÑÉä¹¹Áµ©Ì¹½Éœ½Ù¥Ñ”¼´½Ù¥Ñ”´à¸À¸Ì¹Ñèˆ°(€€€€€€‰¥¹Ñ•É¥Ñäˆè€‰Í¡„ÔÄÈµå¥™‰Õ‘PÅQ¡™±Ñ™…%A©¼åhÍµå¹	Q)MUeáQ©=EÉÕ˜½é! ­•éE-½Å<­ Ý„åAÜå9´½=Ñ±a¥PÅ…á	ÝÅÉDôôˆ°(€€€€€€‰‘•ØˆèÑÉÕ”°(€€€€€€‰‘•Á•¹‘•¹¥•Ìˆèì(€€€€€€€€‰±¥¡Ñ¹¥¹ÍÌˆè€‰xÄ¸ÌÈ¸Àˆ°(€€€€€€€€‰Á¥½µ…Ñ ˆè€‰xÐ¸À¸Ðˆ°(€€€€€€€€‰Á½ÍÑÍÌˆè€‰xà¸Ô¸àˆ°(€€€€€€€€‰É½±±‘½Ý¸ˆè€ˆÄ¸À¸ÀµÉŒ¸ÄÈˆ°(€€€€€€€€‰Ñ¥¹å±½‰‰äˆè€‰xÀ¸È¸ÄÔˆ(€€€€€ô°(€€€€€€‰‰¥¸ˆèì(€€€€€€€€‰Ù¥Ñ”ˆè€‰‰¥¸½Ù¥Ñ”¹©Ìˆ(€€€€€ô°(€€€€€€‰•¹¥¹•Ìˆèì(€€€€€€€€‰¹½‘”ˆè€‰xÈÀ¸Ää¸Àñð€øôÈÈ¸ÄÈ¸Àˆ(€€€€€ô°(€€€€€€‰™Õ¹‘¥¹œˆèì(€€€€€€€€‰ÕÉ°ˆè€‰¡ÑÑÁÌè¼½¥Ñ¡Õˆ¹½´½Ù¥Ñ•©Ì½Ù¥Ñ”ýÍÁ½¹Í½ÈôÄˆ(€€€€€ô°(€€€€€€‰½ÁÑ¥½¹…±•Á•¹‘•¹¥•Ìˆèì(€€€€€€€€‰™Í•Ù•¹ÑÌˆè€‰øÈ¸Ì¸Ìˆ(€€€€€ô°(€€€€€€‰Á••É•Á•¹‘•¹¥•Ìˆèì(€€€€€€€€‰ÑåÁ•Ì½¹½‘”ˆè€‰xÈÀ¸Ää¸Àñð€øôÈÈ¸ÄÈ¸Àˆ°(€€€€€€€€‰Ù¥Ñ•©Ì½‘•ÙÑ½½±Ìˆè€‰xÀ¸Ä¸Àˆ°(€€€€€€€€‰•Í‰Õ¥±ˆè€‰xÀ¸ÈÜ¸Àˆ°(€€€€€€€€‰©¥Ñ¤ˆè€ˆøôÄ¸ÈÄ¸Àˆ°(€€€€€€€€‰±•ÍÌˆè€‰xÐ¸À¸Àˆ°(€€€€€€€€‰Í…ÍÌˆè€‰xÄ¸ÜÀ¸Àˆ°(€€€€€€€€‰Í…ÍÌµ•µ‰•‘‘•ˆè€‰xÄ¸ÜÀ¸Àˆ°(€€€€€€€€‰ÍÑå±ÕÌˆè€ˆøôÀ¸ÔÐ¸àˆ°(€€€€€€€€‰ÍÕ…ÉÍÌˆè€‰xÔ¸À¸Àˆ°(€€€€€€€€‰Ñ•ÉÍ•Èˆè€‰xÔ¸ÄØ¸Àˆ°(€€€€€€€€‰ÑÍàˆè€‰xÐ¸à¸Äˆ°(€€€€€€€€‰å…µ°ˆè€‰xÈ¸Ð¸Èˆ(€€€€€ô°(€€€€€€‰Á••É•Á•¹‘•¹¥•Í5•Ñ„ˆèì(€€€€€€€€‰ÑåÁ•Ì½¹½‘”ˆèì(€€€€€€€€€€‰½ÁÑ¥½¹…°ˆèÑÉÕ”(€€€€€€€ô°(€€€€€€€€‰Ù¥Ñ•©Ì½‘•ÙÑ½½±Ìˆèì(€€€€€€€€€€‰½ÁÑ¥½¹…°ˆèÑÉÕ”(€€€€€€€ô°(€€€€€€€€‰•Í‰Õ¥±ˆèì(€€€€€€€€€€‰½ÁÑ¥½¹…°ˆèÑÉÕ”(€€€€€€€ô°(€€€€€€€€‰©¥Ñ¤ˆèì(€€€€€€€€€€‰½ÁÑ¥½¹…°ˆèÑÉÕ”(€€€€€€€ô°(€€€€€€€€‰±•ÍÌˆèì(€€€€€€€€€€‰½ÁÑ¥½¹…°ˆèÑÉÕ”(€€€€€€€ô°(€€€€€€€€‰Í…ÍÌˆèì(€€€€€€€€€€‰½ÁÑ¥½¹…°ˆèÑÉÕ”(€€€€€€€ô°(€€€€€€€€‰Í…ÍÌµ•µ‰•‘‘•ˆèì(€€€€€€€€€€‰½ÁÑ¥½¹…°ˆèÑÉÕ”(€€€€€€€ô°(€€€€€€€€‰ÍÑå±ÕÌˆèì(€€€€€€€€€€‰½ÁÑ¥½¹…°ˆèÑÉÕ”(€€€€€€€ô°(€€€€€€€€‰ÍÕ…ÉÍÌˆèì(€€€€€€€€€€‰½ÁÑ¥½¹…°ˆèÑÉÕ”(€€€€€€€ô°(€€€€€€€€‰Ñ•ÉÍ•Èˆèì(€€€€€€€€€€‰½ÁÑ¥½¹…°ˆèÑÉÕ”(€€€€€€€ô°(€€€€€€€€‰ÑÍàˆèì(€€€€€€€€€€‰½ÁÑ¥½¹…°ˆèÑÉÕ”(€€€€€€€ô°(€€€€€€€€‰å…µ°ˆèì(€€€€€€€€€€‰½ÁÑ¥½¹…°ˆèÑÉÕ”(€€€€€€€ô(€€€€€ô(€€€ô°(€€€€‰¹½‘•}µ½‘Õ±•Ì½Ù¥Ñ”½¹½‘•}µ½‘Õ±•Ì½±¥¡Ñ¹¥¹ÍÌˆèì(€€€€€€‰Ù•ÉÍ¥½¸ˆè€ˆÄ¸ÌÈ¸Àˆ°(€€€€€€‰É•Í½±Ù•ˆè€‰¡ÑÑÁÌè¼½É•¥ÍÑÉä¹¹Áµ©Ì¹½Éœ½±¥¡Ñ¹¥¹ÍÌ¼´½±¥¡Ñ¹¥¹ÍÌ´Ä¸ÌÈ¸À¹Ñèˆ°(€€€€€€‰¥¹Ñ•É¥Ñäˆè€‰Í¡„ÔÄÈµ9ae	é¥¹9É‰±™É…AåÉ‰A½ÄåÅ å±™$¼Åµé]eÙaUQ”ÐÄÑè½`ÅÉa	iMi4ÝÉIQÉ5á)0Í=Ñ…¥™É%-¡DÕåDôôˆ°(€€€€€€‰‘•ØˆèÑÉÕ”°(€€€€€€‰‘•Á•¹‘•¹¥•Ìˆèì(€€€€€€€€‰‘•Ñ•Ðµ±¥‰Œˆè€‰xÈ¸À¸Ìˆ(€€€€€ô°(€€€€€€‰•¹¥¹•Ìˆèì(€€€€€€€€‰¹½‘”ˆè€ˆøô€ÄÈ¸À¸Àˆ(€€€€€ô°(€€€€€€‰™Õ¹‘¥¹œˆèì(€€€€€€€€‰ÑåÁ”ˆè€‰½Á•¹½±±•Ñ¥Ù”ˆ°(€€€€€€€€‰ÕÉ°ˆè€‰¡ÑÑÁÌè¼½½Á•¹½±±•Ñ¥Ù”¹½´½Á…É•°ˆ(€€€€€ô°(€€€€€€‰½ÁÑ¥½¹…±•Á•¹‘•¹¥•Ìˆèì(€€€€€€€€‰±¥¡Ñ¹¥¹ÍÌµ…¹‘É½¥µ…É´ØÐˆè€ˆÄ¸ÌÈ¸Àˆ°(€€€€€€€€‰±¥¡Ñ¹¥¹ÍÌµ‘…ÉÝ¥¸µ…É´ØÐˆè€ˆÄ¸ÌÈ¸Àˆ°(€€€€€€€€‰±¥¡Ñ¹¥¹ÍÌµ‘…ÉÝ¥¸µàØÐˆè€ˆÄ¸ÌÈ¸Àˆ°(€€€€€€€€‰±¥¡Ñ¹¥¹ÍÌµ™É••‰ÍµàØÐˆè€ˆÄ¸ÌÈ¸Àˆ°(€€€€€€€€‰±¥¡Ñ¹¥¹ÍÌµ±¥¹Õàµ…É´µ¹Õ•…‰¥¡˜ˆè€ˆÄ¸ÌÈ¸Àˆ°(€€€€€€€€‰±¥¡Ñ¹¥¹ÍÌµ±¥¹Õàµ…É´ØÐµ¹Ôˆè€ˆÄ¸ÌÈ¸Àˆ°(€€€€€€€€‰±¥¡Ñ¹¥¹ÍÌµ±¥¹Õàµ…É´ØÐµµÕÍ°ˆè€ˆÄ¸ÌÈ¸Àˆ°(€€€€€€€€‰±¥¡Ñ¹¥¹ÍÌµ±¥¹ÕàµàØÐµ¹Ôˆè€ˆÄ¸ÌÈ¸Àˆ°(€€€€€€€€‰±¥¡Ñ¹¥¹ÍÌµ±¥¹ÕàµàØÐµµÕÍ°ˆè€ˆÄ¸ÌÈ¸Àˆ°(€€€€€€€€‰±¥¡Ñ¹¥¹ÍÌµÝ¥¸ÌÈµ…É´ØÐµµÍÙŒˆè€ˆÄ¸ÌÈ¸Àˆ°(€€€€€€€€‰±¥¡Ñ¹¥¹ÍÌµÝ¥¸ÌÈµàØÐµµÍÙŒˆè€ˆÄ¸ÌÈ¸Àˆ(€€€€€ô(€€€ô°(€€€€‰¹½‘•}µ½‘Õ±•Ì½Ù¥Ñ”½¹½‘•}µ½‘Õ±•Ì½±¥¡Ñ¹¥¹ÍÌµ…¹‘É½¥µ…É´ØÐˆèì(€€€€€€‰Ù•ÉÍ¥½¸ˆè€ˆÄ¸ÌÈ¸Àˆ°(€€€€€€‰É•Í½±Ù•ˆè€‰¡ÑÑÁÌè¼½É•¥ÍÑÉä¹¹Áµ©Ì¹½Éœ½±¥¡Ñ¹¥¹ÍÌµ…¹‘É½¥µ…É´ØÐ¼´½±¥¡Ñ¹¥¹ÍÌµ…¹‘É½¥µ…É´ØÐ´Ä¸ÌÈ¸À¹Ñèˆ°(€€€€€€‰¥¹Ñ•É¥Ñäˆè€‰Í¡„ÔÄÈµe,Ü½±QÐÑ­,ÁÙ¼ÙÜÍ`­A¹´ÁÉ˜ÉÙA!‰¡=a‘½9Ñ¤Å„Á…°Å@ÑQ	i¡Ý©QÙ©9Ý1	¹-Ù©)ŒÉ©E!a Á9Ý±œôôˆ°(€€€€€€‰ÁÔˆèl(€€€€€€€€‰…É´ØÐˆ(€€€€€t°(€€€€€€‰‘•ØˆèÑÉÕ”°(€€€€€€‰½ÁÑ¥½¹…°ˆèÑÉÕ”°(€€€€€€‰½Ìˆèl(€€€€€€€€‰…¹‘É½¥ˆ(€€€€€t°(€€€€€€‰•¹¥¹•Ìˆèì(€€€€€€€€‰¹½‘”ˆè€ˆøô€ÄÈ¸À¸Àˆ(€€€€€ô°(€€€€€€‰™Õ¹‘¥¹œˆèì(€€€€€€€€‰ÑåÁ”ˆè€‰½Á•¹½±±•Ñ¥Ù”ˆ°(€€€€€€€€‰ÕÉ°ˆè€‰¡ÑÑÁÌè¼½½Á•¹½±±•Ñ¥Ù”¹½´½Á…É•°ˆ(€€€€€ô(€€€ô°(€€€€‰¹½‘•}µ½‘Õ±•Ì½Ù¥Ñ”½¹½‘•}µ½‘Õ±•Ì½±¥¡Ñ¹¥¹ÍÌµ‘…ÉÝ¥¸µ…É´ØÐˆèì(€€€€€€‰Ù•ÉÍ¥½¸ˆè€ˆÄ¸ÌÈ¸Àˆ°(€€€€€€‰É•Í½±Ù•ˆè€‰¡ÑÑÁÌè¼½É•¥ÍÑÉä¹¹Áµ©Ì¹½Éœ½±¥¡Ñ¹¥¹ÍÌµ‘…ÉÝ¥¸µ…É´ØÐ¼´½±¥¡Ñ¹¥¹ÍÌµ‘…ÉÝ¥¸µ…É´ØÐ´Ä¸ÌÈ¸À¹Ñèˆ°(€€€€€€‰¥¹Ñ•É¥Ñäˆè€‰Í¡„ÔÄÈµIé•å)ÔÕ‰…œÉ	ØÄ½±Ý±Y)Ù	ÍÄÙQÑaÍ­‘i11å™œÕÁÐ­!1èå	Å±%<Ý1i4ÝY!9QQ¸¼ÕAI¡!	M©¬Õ±ŒÑµÍADôôˆ°(€€€€€€‰ÁÔˆèl(€€€€€€€€‰…É´ØÐˆ(€€€€€t°(€€€€€€‰‘•ØˆèÑÉÕ”°(€€€€€€‰½ÁÑ¥½¹…°ˆèÑÉÕ”°(€€€€€€‰½Ìˆèl(€€€€€€€€‰‘…ÉÝ¥¸ˆ(€€€€€t°(€€€€€€‰•¹¥¹•Ìˆèì(€€€€€€€€‰¹½‘”ˆè€ˆøô€ÄÈ¸À¸Àˆ(€€€€€ô°(€€€€€€‰™Õ¹‘¥¹œˆèì(€€€€€€€€‰ÑåÁ”ˆè€‰½Á•¹½±±•Ñ¥Ù”ˆ°(€€€€€€€€‰ÕÉ°ˆè€‰¡ÑÑÁÌè¼½½Á•¹½±±•Ñ¥Ù”¹½´½Á…É•°ˆ(€€€€€ô(€€€ô°(€€€€‰¹½‘•}µ½‘Õ±•Ì½Ù¥Ñ”½¹½‘•}µ½‘Õ±•Ì½±¥¡Ñ¹¥¹ÍÌµ‘…ÉÝ¥¸µàØÐˆèì(€€€€€€‰Ù•ÉÍ¥½¸ˆè€ˆÄ¸ÌÈ¸Àˆ°(€€€€€€‰É•Í½±Ù•ˆè€‰¡ÑÑÁÌè¼½É•¥ÍÑÉä¹¹Áµ©Ì¹½Éœ½±¥¡Ñ¹¥¹ÍÌµ‘…ÉÝ¥¸µàØÐ¼´½±¥¡Ñ¹¥¹ÍÌµ‘…ÉÝ¥¸µàØÐ´Ä¸ÌÈ¸À¹Ñèˆ°(€€€€€€‰¥¹Ñ•É¥Ñäˆè€‰Í¡„ÔÄÈµT­EÍ	ÀÉ´½ÌÉÝÅÁUeP¼ÙÝ¹±…‘i‰Ñi‘¹‘MµÕÐ½9)Å±51Q]ÀÕµÕÉ%­,ÕU(Ù©ÅÉ	Í¡•©ea¹¥A‰9 ÜÍXáÜôôˆ°(€€€€€€‰ÁÔˆèl(€€€€€€€€‰àØÐˆ(€€€€€t°(€€€€€€‰‘•ØˆèÑÉÕ”°(€€€€€€‰½ÁÑ¥½¹…°ˆèÑÉÕ”°(€€€€€€‰½Ìˆèl(€€€€€€€€‰‘…ÉÝ¥¸ˆ(€€€€€t°(€€€€€€‰•¹¥¹•Ìˆèì(€€€€€€€€‰¹½‘”ˆè€ˆøô€ÄÈ¸À¸Àˆ(€€€€€ô°(€€€€€€‰™Õ¹‘¥¹œˆèì(€€€€€€€€‰ÑåÁ”ˆè€‰½Á•¹½±±•Ñ¥Ù”ˆ°(€€€€€€€€‰ÕÉ°ˆè€‰¡ÑÑÁÌè¼½½Á•¹½±±•Ñ¥Ù”¹½´½Á…É•°ˆ(€€€€€ô(€€€ô°(€€€€‰¹½‘•}µ½‘Õ±•Ì½Ù¥Ñ”½¹½‘•}µ½‘Õ±•Ì½±¥¡Ñ¹¥¹ÍÌµ™É••‰ÍµàØÐˆèì(€€€€€€‰Ù•ÉÍ¥½¸ˆè€ˆÄ¸ÌÈ¸Àˆ°(€€€€€€‰É•Í½±Ù•ˆè€‰¡ÑÑÁÌè¼½É•¥ÍÑÉä¹¹Áµ©Ì¹½Éœ½±¥¡Ñ¹¥¹ÍÌµ™É••‰ÍµàØÐ¼´½±¥¡Ñ¹¥¹ÍÌµ™É••‰ÍµàØÐ´Ä¸ÌÈ¸À¹Ñèˆ°(€€€€€€‰¥¹Ñ•É¥Ñäˆè€‰Í¡„ÔÄÈµ)Q¥•‘­Íi¬ÍÑ!QQÑ¡¹5‘Y™˜ØÅ­äá)¤ÉÑe©UQE`ÄÑá¥ä½±Qéa¹ÔÅÙÝ¥i”Í‰e”ÁÄ­MÁÍM ½Q•a,Ù]!¥œôôˆ°(€€€€€€‰ÁÔˆèl(€€€€€€€€‰àØÐˆ(€€€€€t°(€€€€€€‰‘•ØˆèÑÉÕ”°(€€€€€€‰½ÁÑ¥½¹…°ˆèÑÉÕ”°(€€€€€€‰½Ìˆèl(€€€€€€€€‰™É••‰Íˆ(€€€€€t°(€€€€€€‰•¹¥¹•Ìˆèì(€€€€€€€€‰¹½‘”ˆè€ˆøô€ÄÈ¸À¸Àˆ(€€€€€ô°(€€€€€€‰™Õ¹‘¥¹œˆèì(€€€€€€€€‰ÑåÁ”ˆè€‰½Á•¹½±±•Ñ¥Ù”ˆ°(€€€€€€€€‰ÕÉ°ˆè€‰¡ÑÑÁÌè¼½½Á•¹½±±•Ñ¥Ù”¹½´½Á…É•°ˆ(€€€€€ô(€€€ô°(€€€€‰¹½‘•}µ½‘Õ±•Ì½Ù¥Ñ”½¹½‘•}µ½‘Õ±•Ì½±¥¡Ñ¹¥¹ÍÌµ±¥¹Õàµ…É´µ¹Õ•…‰¥¡˜ˆèì(€€€€€€‰Ù•ÉÍ¥½¸ˆè€ˆÄ¸ÌÈ¸Àˆ°(€€€€€€‰É•Í½±Ù•ˆè€‰¡ÑÑÁÌè¼½É•¥ÍÑÉä¹¹Áµ©Ì¹½Éœ½±¥¡Ñ¹¥¹ÍÌµ±¥¹Õàµ…É´µ¹Õ•…‰¥¡˜¼´½±¥¡Ñ¹¥¹ÍÌµ±¥¹Õàµ…É´µ¹Õ•…‰¥¡˜´Ä¸ÌÈ¸À¹Ñèˆ°(€€€€€€‰¥¹Ñ•É¥Ñäˆè€‰Í¡„ÔÄÈµàÙÉ¹¹ÁI„É0ÁéE=­ÐÙÉÑÌÍeAé‘Õ1Á]ÙÝÙ5¡aYiaÑÑAÉ	­Åé½ÝéÍ%]ÍA©ÅM,­Ñå9=U	a••Y!M­Üôôˆ°(€€€€€€‰ÁÔˆèl(€€€€€€€€‰…É´ˆ(€€€€€t°(€€€€€€‰‘•ØˆèÑÉÕ”°(€€€€€€‰½ÁÑ¥½¹…°ˆèÑÉÕ”°(€€€€€€‰½Ìˆèl(€€€€€€€€‰±¥¹Õàˆ(€€€€€t°(€€€€€€‰•¹¥¹•Ìˆèì(€€€€€€€€‰¹½‘”ˆè€ˆøô€ÄÈ¸À¸Àˆ(€€€€€ô°(€€€€€€‰™Õ¹‘¥¹œˆèì(€€€€€€€€‰ÑåÁ”ˆè€‰½Á•¹½±±•Ñ¥Ù”ˆ°(€€€€€€€€‰ÕÉ°ˆè€‰¡ÑÑÁÌè¼½½Á•¹½±±•Ñ¥Ù”¹½´½Á…É•°ˆ(€€€€€ô(€€€ô°(€€€€‰¹½‘•}µ½‘Õ±•Ì½Ù¥Ñ”½¹½‘•}µ½‘Õ±•Ì½±¥¡Ñ¹¥¹ÍÌµ±¥¹Õàµ…É´ØÐµ¹Ôˆèì(€€€€€€‰Ù•ÉÍ¥½¸ˆè€ˆÄ¸ÌÈ¸Àˆ°(€€€€€€‰É•Í½±Ù•ˆè€‰¡ÑÑÁÌè¼½É•¥ÍÑÉä¹¹Áµ©Ì¹½Éœ½±¥¡Ñ¹¥¹ÍÌµ±¥¹Õàµ…É´ØÐµ¹Ô¼´½±¥¡Ñ¹¥¹ÍÌµ±¥¹Õàµ…É´ØÐµ¹Ô´Ä¸ÌÈ¸À¹Ñèˆ°(€€€€€€‰¥¹Ñ•É¥Ñäˆè€‰Í¡„ÔÄÈ´Á¹¹5å½å=1I)a™‰5=¥±…MI1 Í)ÜÕèå!9™P½ÝA…©¹àÁ¤áÜÝÙ	é1HÅ˜Ù51-áY‰•‰µ­U8Í™„½­E)ÁDôôˆ°(€€€€€€‰ÁÔˆèl(€€€€€€€€‰…É´ØÐˆ(€€€€€t°(€€€€€€‰‘•ØˆèÑÉÕ”°(€€€€€€‰½ÁÑ¥½¹…°ˆèÑÉÕ”°(€€€€€€‰½Ìˆèl(€€€€€€€€‰±¥¹Õàˆ(€€€€€t°(€€€€€€‰•¹¥¹•Ìˆèì(€€€€€€€€‰¹½‘”ˆè€ˆøô€ÄÈ¸À¸Àˆ(€€€€€ô°(€€€€€€‰™Õ¹‘¥¹œˆèì(€€€€€€€€‰ÑåÁ”ˆè€‰½Á•¹½±±•Ñ¥Ù”ˆ°(€€€€€€€€‰ÕÉ°ˆè€‰¡ÑÑÁÌè¼½½Á•¹½±±•Ñ¥Ù”¹½´½Á…É•°ˆ(€€€€€ô(€€€ô°(€€€€‰¹½‘•}µ½‘Õ±•Ì½Ù¥Ñ”½¹½‘•}µ½‘Õ±•Ì½±¥¡Ñ¹¥¹ÍÌµ±¥¹Õàµ…É´ØÐµµÕÍ°ˆèì(€€€€€€‰Ù•ÉÍ¥½¸ˆè€ˆÄ¸ÌÈ¸Àˆ°(€€€€€€‰É•Í½±Ù•ˆè€‰¡ÑÑÁÌè¼½É•¥ÍÑÉä¹¹Áµ©Ì¹½Éœ½±¥¡Ñ¹¥¹ÍÌµ±¥¹Õàµ…É´ØÐµµÕÍ°¼´½±¥¡Ñ¹¥¹ÍÌµ±¥¹Õàµ…É´ØÐµµÕÍ°´Ä¸ÌÈ¸À¹Ñèˆ°(€€€€€€‰¥¹Ñ•É¥Ñäˆè€‰Í¡„ÔÄÈµUÁE­½•¹ÈÑU)éY%eÁ$àÁ±ÙIµAYœÙ½Å‰½9!™½ ÑE%™9­!=ÉhÝ5¼Ý-i@ÀÉ‘Ù1©¡AE)•	ÍÙa¡)½½Ý¹%	œôôˆ°(€€€€€€‰ÁÔˆèl(€€€€€€€€‰…É´ØÐˆ(€€€€€t°(€€€€€€‰‘•ØˆèÑÉÕ”°(€€€€€€‰½ÁÑ¥½¹…°ˆèÑÉÕ”°(€€€€€€‰½Ìˆèl(€€€€€€€€‰±¥¹Õàˆ(€€€€€t°(€€€€€€‰•¹¥¹•Ìˆèì(€€€€€€€€‰¹½‘”ˆè€ˆøô€ÄÈ¸À¸Àˆ(€€€€€ô°(€€€€€€‰™Õ¹‘¥¹œˆèì(€€€€€€€€‰ÑåÁ”ˆè€‰½Á•¹½±±•Ñ¥Ù”ˆ°(€€€€€€€€‰ÕÉ°ˆè€‰¡ÑÑÁÌè¼½½Á•¹½±±•Ñ¥Ù”¹½´½Á…É•°ˆ(€€€€€ô(€€€ô°(€€€€‰¹½‘•}µ½‘Õ±•Ì½Ù¥Ñ”½¹½‘•}µ½‘Õ±•Ì½±¥¡Ñ¹¥¹ÍÌµ±¥¹ÕàµàØÐµ¹Ôˆèì(€€€€€€‰Ù•ÉÍ¥½¸ˆè€ˆÄ¸ÌÈ¸Àˆ°(€€€€€€‰É•Í½±Ù•ˆè€‰¡ÑÑÁÌè¼½É•¥ÍÑÉä¹¹Áµ©Ì¹½Éœ½±¥¡Ñ¹¥¹ÍÌµ±¥¹ÕàµàØÐµ¹Ô¼´½±¥¡Ñ¹¥¹ÍÌµ±¥¹ÕàµàØÐµ¹Ô´Ä¸ÌÈ¸À¹Ñèˆ°(€€€€€€‰¥¹Ñ•É¥Ñäˆè€‰Í¡„ÔÄÈµXÝEÈÔÉ%¡iµ‘-AYÈ­YÑÜá¼­]1ÍE)eQá±½%™Á…5I]Ui™	=e)•å)%­Å%5iAÝAàÈÑÁU5™ÝMáá$áÁ¡È½5‰=ôôˆ°(€€€€€€‰ÁÔˆèl(€€€€€€€€‰àØÐˆ(€€€€€t°(€€€€€€‰‘•ØˆèÑÉÕ”°(€€€€€€‰½ÁÑ¥½¹…°ˆèÑÉÕ”°(€€€€€€‰½Ìˆèl(€€€€€€€€‰±¥¹Õàˆ(€€€€€t°(€€€€€€‰•¹¥¹•Ìˆèì(€€€€€€€€‰¹½‘”ˆè€ˆøô€ÄÈ¸À¸Àˆ(€€€€€ô°(€€€€€€‰™Õ¹‘¥¹œˆèì(€€€€€€€€‰ÑåÁ”ˆè€‰½Á•¹½±±•Ñ¥Ù”ˆ°(€€€€€€€€‰ÕÉ°ˆè€‰¡ÑÑÁÌè¼½½Á•¹½±±•Ñ¥Ù”¹½´½Á…É•°ˆ(€€€€€ô(€€€ô°(€€€€‰¹½‘•}µ½‘Õ±•Ì½Ù¥Ñ”½¹½‘•}µ½‘Õ±•Ì½±¥¡Ñ¹¥¹ÍÌµ±¥¹ÕàµàØÐµµÕÍ°ˆèì(€€€€€€‰Ù•ÉÍ¥½¸ˆè€ˆÄ¸ÌÈ¸Àˆ°(€€€€€€‰É•Í½±Ù•ˆè€‰¡ÑÑÁÌè¼½É•¥ÍÑÉä¹¹Áµ©Ì¹½Éœ½±¥¡Ñ¹¥¹ÍÌµ±¥¹ÕàµàØÐµµÕÍ°¼´½±¥¡Ñ¹¥¹ÍÌµ±¥¹ÕàµàØÐµµÕÍ°´Ä¸ÌÈ¸À¹Ñèˆ°(€€€€€€‰¥¹Ñ•É¥Ñäˆè€‰Í¡„ÔÄÈµ‰e1À­YˆÁ…ÝÍ¥aœ¼àÁÕI•ée!9œÄ½°ÍµÐÁé!¹]Xåa@Å\ÕÍ-„Ô½Q‘]…H½é	4ÉA•½!‰ÍEØ½¨ÉUI9=¥YÕá]œôôˆ°(€€€€€€‰ÁÔˆèl(€€€€€€€€‰àØÐˆ(€€€€€t°(€€€€€€‰‘•ØˆèÑÉÕ”°(€€€€€€‰½ÁÑ¥½¹…°ˆèÑÉÕ”°(€€€€€€‰½Ìˆèl(€€€€€€€€‰±¥¹Õàˆ(€€€€€t°(€€€€€€‰•¹¥¹•Ìˆèì(€€€€€€€€‰¹½‘”ˆè€ˆøô€ÄÈ¸À¸Àˆ(€€€€€ô°(€€€€€€‰™Õ¹‘¥¹œˆèì(€€€€€€€€‰ÑåÁ”ˆè€‰½Á•¹½±±•Ñ¥Ù”ˆ°(€€€€€€€€‰ÕÉ°ˆè€‰¡ÑÑÁÌè¼½½Á•¹½±±•Ñ¥Ù”¹½´½Á…É•°ˆ(€€€€€ô(€€€ô°(€€€€‰¹½‘•}µ½‘Õ±•Ì½Ù¥Ñ”½¹½‘•}µ½‘Õ±•Ì½±¥¡Ñ¹¥¹ÍÌµÝ¥¸ÌÈµ…É´ØÐµµÍÙŒˆèì(€€€€€€‰Ù•ÉÍ¥½¸ˆè€ˆÄ¸ÌÈ¸Àˆ°(€€€€€€‰É•Í½±Ù•ˆè€‰¡ÑÑÁÌè¼½É•¥ÍÑÉä¹¹Áµ©Ì¹½Éœ½±¥¡Ñ¹¥¹ÍÌµÝ¥¸ÌÈµ…É´ØÐµµÍÙŒ¼´½±¥¡Ñ¹¥¹ÍÌµÝ¥¸ÌÈµ…É´ØÐµµÍÙŒ´Ä¸ÌÈ¸À¹Ñèˆ°(€€€€€€‰¥¹Ñ•É¥Ñäˆè€‰Í¡„ÔÄÈ´áM‰á	HÐÁÁLÙ‰…4áÍ‰ÑeMÝYEÑ)±Q=±…Í]!™Q¡Q	¹9	‘„Ù•Qi•Å‰½™…±%)¡àÁÅ-é!)µAQ¹‘Üôôˆ°(€€€€€€‰ÁÔˆèl(€€€€€€€€‰…É´ØÐˆ(€€€€€t°(€€€€€€‰‘•ØˆèÑÉÕ”°(€€€€€€‰½ÁÑ¥½¹…°ˆèÑÉÕ”°(€€€€€€‰½Ìˆèl(€€€€€€€€‰Ý¥¸ÌÈˆ(€€€€€t°(€€€€€€‰•¹¥¹•Ìˆèì(€€€€€€€€‰¹½‘”ˆè€ˆøô€ÄÈ¸À¸Àˆ(€€€€€ô°(€€€€€€‰™Õ¹‘¥¹œˆèì(€€€€€€€€‰ÑåÁ”ˆè€‰½Á•¹½±±•Ñ¥Ù”ˆ°(€€€€€€€€‰ÕÉ°ˆè€‰¡ÑÑÁÌè¼½½Á•¹½±±•Ñ¥Ù”¹½´½Á…É•°ˆ(€€€€€ô(€€€ô°(€€€€‰¹½‘•}µ½‘Õ±•Ì½Ù¥Ñ”½¹½‘•}µ½‘Õ±•Ì½±¥¡Ñ¹¥¹ÍÌµÝ¥¸ÌÈµàØÐµµÍÙŒˆèì(€€€€€€‰Ù•ÉÍ¥½¸ˆè€ˆÄ¸ÌÈ¸Àˆ°(€€€€€€‰É•Í½±Ù•ˆè€‰¡ÑÑÁÌè¼½É•¥ÍÑÉä¹¹Áµ©Ì¹½Éœ½±¥¡Ñ¹¥¹ÍÌµÝ¥¸ÌÈµàØÐµµÍÙŒ¼´½±¥¡Ñ¹¥¹ÍÌµÝ¥¸ÌÈµàØÐµµÍÙŒ´Ä¸ÌÈ¸À¹Ñèˆ°(€€€€€€‰¥¹Ñ•É¥Ñäˆè€‰Í¡„ÔÄÈµµÄå½M½ie‘¤Å­É½©¹½ÅA1áe¡DÑ]¼Õa¥0áY)ÉYÍáI½ÅA]\ÙYÑPÁ]-•µ©äá…­±½Õ)¹©LÝTÄáàÍˆÀÙDôôˆ°(€€€€€€‰ÁÔˆèl(€€€€€€€€‰àØÐˆ(€€€€€t°(€€€€€€‰‘•ØˆèÑÉÕ”°(€€€€€€‰½ÁÑ¥½¹…°ˆèÑÉÕ”°(€€€€€€‰½Ìˆèl(€€€€€€€€‰Ý¥¸ÌÈˆ(€€€€€t°(€€€€€€‰•¹¥¹•Ìˆèì(€€€€€€€€‰¹½‘”ˆè€ˆøô€ÄÈ¸À¸Àˆ(€€€€€ô°(€€€€€€‰™Õ¹‘¥¹œˆèì(€€€€€€€€‰ÑåÁ”ˆè€‰½Á•¹½±±•Ñ¥Ù”ˆ°(€€€€€€€€‰ÕÉ°ˆè€‰¡ÑÑÁÌè¼½½Á•¹½±±•Ñ¥Ù”¹½´½Á…É•°ˆ(€€€€€ô(€€€ô°(€€€€‰¹½‘•}µ½‘Õ±•Ì½Ù¥Ñ”½¹½‘•}µ½‘Õ±•Ì½Á¥½µ…Ñ ˆèì(€€€€€€‰Ù•ÉÍ¥½¸ˆè€ˆÐ¸À¸Ðˆ°(€€€€€€‰É•Í½±Ù•ˆè€‰¡ÑÑÁÌè¼½É•¥ÍÑÉä¹¹Áµ©Ì¹½Éœ½Á¥½µ…Ñ ¼´½Á¥½µ…Ñ ´Ð¸À¸Ð¹Ñèˆ°(€€€€€€‰¥¹Ñ•É¥Ñäˆè€‰Í¡„ÔÄÈµE@àá	-Ù5…´¼Í9á ÙÙ¨É¼ÈÅHÙ5©áiUÙ¹±ÝL½Á¹Ù8å%Y1½1!áe%é¡œÙ™UD¬ÕÑ Ù@Ñ‘ØÑ•\å©`ÍM%¨Ýôôˆ°(€€€€€€‰‘•ØˆèÑÉÕ”°(€€€€€€‰•¹¥¹•Ìˆèì(€€€€€€€€‰¹½‘”ˆè€ˆøôÄÈˆ(€€€€€ô°(€€€€€€‰™Õ¹‘¥¹œˆèì(€€€€€€€€‰ÕÉ°ˆè€‰¡ÑÑÁÌè¼½¥Ñ¡Õˆ¹½´½ÍÁ½¹Í½ÉÌ½©½¹Í¡±¥¹­•ÉÐˆ(€€€€€ô(€€€ô°(€€€€‰¹½‘•}µ½‘Õ±•Ì½Ù¥Ñ•ÍÐˆèì(€€€€€€‰Ù•ÉÍ¥½¸ˆè€ˆÐ¸Ä¸Èˆ°(€€€€€€‰É•Í½±Ù•ˆè€‰¡ÑÑÁÌè¼½É•¥ÍÑÉä¹¹Áµ©Ì¹½Éœ½Ù¥Ñ•ÍÐ¼´½Ù¥Ñ•ÍÐ´Ð¸Ä¸È¹Ñèˆ°(€€€€€€‰¥¹Ñ•É¥Ñäˆè€‰Í¡„ÔÄÈµá©HÅ‘5QY!±1 äá)Í¤½˜½]•AÅ)Í… ÑÁ,åŒá¡ÀåU‘¬Ái¬ÙÁ%i¡ ÅÅ(½åáY]Ih­DÔÑ½¹áQaµ­¡ÍÁœôôˆ°(€€€€€€‰‘•ØˆèÑÉÕ”°(€€€€€€‰‘•Á•¹‘•¹¥•Ìˆèì(€€€€€€€€‰Ù¥Ñ•ÍÐ½•áÁ•Ðˆè€ˆÐ¸Ä¸Èˆ°(€€€€€€€€‰Ù¥Ñ•ÍÐ½µ½­•Èˆè€ˆÐ¸Ä¸Èˆ°(€€€€€€€€‰Ù¥Ñ•ÍÐ½ÁÉ•ÑÑäµ™½Éµ…Ðˆè€ˆÐ¸Ä¸Èˆ°(€€€€€€€€‰Ù¥Ñ•ÍÐ½ÉÕ¹¹•Èˆè€ˆÐ¸Ä¸Èˆ°(€€€€€€€€‰Ù¥Ñ•ÍÐ½Í¹…ÁÍ¡½Ðˆè€ˆÐ¸Ä¸Èˆ°(€€€€€€€€‰Ù¥Ñ•ÍÐ½ÍÁäˆè€ˆÐ¸Ä¸Èˆ°(€€€€€€€€‰Ù¥Ñ•ÍÐ½ÕÑ¥±Ìˆè€ˆÐ¸Ä¸Èˆ°(€€€€€€€€‰•Ìµµ½‘Õ±”µ±•á•Èˆè€‰xÈ¸À¸Àˆ°(€€€€€€€€‰•áÁ•ÐµÑåÁ”ˆè€‰xÄ¸Ì¸Àˆ°(€€€€€€€€‰µ…¥ŒµÍÑÉ¥¹œˆè€‰xÀ¸ÌÀ¸ÈÄˆ°(€€€€€€€€‰½‰Õœˆè€‰xÈ¸Ä¸Äˆ°(€€€€€€€€‰Á…Ñ¡”ˆè€‰xÈ¸À¸Ìˆ°(€€€€€€€€‰Á¥½µ…Ñ ˆè€‰xÐ¸À¸Ìˆ°(€€€€€€€€‰ÍÑµ•¹Øˆè€‰xÐ¸À¸ÀµÉŒ¸Äˆ°(€€€€€€€€‰Ñ¥¹å‰•¹ ˆè€‰xÈ¸ä¸Àˆ°(€€€€€€€€‰Ñ¥¹å•á•Œˆè€‰xÄ¸À¸Èˆ°(€€€€€€€€‰Ñ¥¹å±½‰‰äˆè€‰xÀ¸È¸ÄÔˆ°(€€€€€€€€‰Ñ¥¹åÉ…¥¹‰½Üˆè€‰xÌ¸Ä¸Àˆ°(€€€€€€€€‰Ù¥Ñ”ˆè€‰xØ¸À¸ÀñðxÜ¸À¸Àñðxà¸À¸Àˆ°(€€€€€€€€‰Ý¡äµ¥Ìµ¹½‘”µÉÕ¹¹¥¹œˆè€‰xÈ¸Ì¸Àˆ(€€€€€ô°(€€€€€€‰‰¥¸ˆèì(€€€€€€€€‰Ù¥Ñ•ÍÐˆè€‰Ù¥Ñ•ÍÐ¹µ©Ìˆ(€€€€€ô°(€€€€€€‰•¹¥¹•Ìˆèì(€€€€€€€€‰¹½‘”ˆè€‰xÈÀ¸À¸ÀñðxÈÈ¸À¸Àñð€øôÈÐ¸À¸Àˆ(€€€€€ô°(€€€€€€‰™Õ¹‘¥¹œˆèì(€€€€€€€€‰ÕÉ°ˆè€‰¡ÑÑÁÌè¼½½Á•¹½±±•Ñ¥Ù”¹½´½Ù¥Ñ•ÍÐˆ(€€€€€ô°(€€€€€€‰Á••É•Á•¹‘•¹¥•Ìˆèì(€€€€€€€€‰•‘”µÉÕ¹Ñ¥µ”½Ù´ˆè€ˆ¨ˆ°(€€€€€€€€‰½Á•¹Ñ•±•µ•ÑÉä½…Á¤ˆè€‰xÄ¸ä¸Àˆ°(€€€€€€€€‰ÑåÁ•Ì½¹½‘”ˆè€‰xÈÀ¸À¸ÀñðxÈÈ¸À¸Àñð€øôÈÐ¸À¸Àˆ°(€€€€€€€€‰Ù¥Ñ•ÍÐ½‰É½ÝÍ•ÈµÁ±…åÝÉ¥¡Ðˆè€ˆÐ¸Ä¸Èˆ°(€€€€€€€€‰Ù¥Ñ•ÍÐ½‰É½ÝÍ•ÈµÁÉ•Ù¥•Üˆè€ˆÐ¸Ä¸Èˆ°(€€€€€€€€‰Ù¥Ñ•ÍÐ½‰É½ÝÍ•ÈµÝ•‰‘É¥Ù•É¥¼ˆè€ˆÐ¸Ä¸Èˆ°(€€€€€€€€‰Ù¥Ñ•ÍÐ½Õ¤ˆè€ˆÐ¸Ä¸Èˆ°(€€€€€€€€‰¡…ÁÁäµ‘½´ˆè€ˆ¨ˆ°(€€€€€€€€‰©Í‘½´ˆè€ˆ¨ˆ°(€€€€€€€€‰Ù¥Ñ”ˆè€‰xØ¸À¸ÀñðxÜ¸À¸Àñðxà¸À¸Àˆ(€€€€€ô°(€€€€€€‰Á••É•Á•¹‘•¹¥•Í5•Ñ„ˆèì(€€€€€€€€‰•‘”µÉÕ¹Ñ¥µ”½Ù´ˆèì(€€€€€€€€€€‰½ÁÑ¥½¹…°ˆèÑÉÕ”(€€€€€€€ô°(€€€€€€€€‰½Á•¹Ñ•±•µ•ÑÉä½…Á¤ˆèì(€€€€€€€€€€‰½ÁÑ¥½¹…°ˆèÑÉÕ”(€€€€€€€ô°(€€€€€€€€‰ÑåÁ•Ì½¹½‘”ˆèì(€€€€€€€€€€‰½ÁÑ¥½¹…°ˆèÑÉÕ”(€€€€€€€ô°(€€€€€€€€‰Ù¥Ñ•ÍÐ½‰É½ÝÍ•ÈµÁ±…åÝÉ¥¡Ðˆèì(€€€€€€€€€€‰½ÁÑ¥½¹…°ˆèÑÉÕ”(€€€€€€€ô°(€€€€€€€€‰Ù¥Ñ•ÍÐ½‰É½ÝÍ•ÈµÁÉ•Ù¥•Üˆèì(€€€€€€€€€€‰½ÁÑ¥½¹…°ˆèÑÉÕ”(€€€€€€€ô°(€€€€€€€€‰Ù¥Ñ•ÍÐ½‰É½ÝÍ•ÈµÝ•‰‘É¥Ù•É¥¼ˆèì(€€€€€€€€€€‰½ÁÑ¥½¹…°ˆèÑÉÕ”(€€€€€€€ô°(€€€€€€€€‰Ù¥Ñ•ÍÐ½Õ¤ˆèì(€€€€€€€€€€‰½ÁÑ¥½¹…°ˆèÑÉÕ”(€€€€€€€ô°(€€€€€€€€‰¡…ÁÁäµ‘½´ˆèì(€€€€€€€€€€‰½ÁÑ¥½¹…°ˆèÑÉÕ”(€€€€€€€ô°(€€€€€€€€‰©Í‘½´ˆèì(€€€€€€€€€€‰½ÁÑ¥½¹…°ˆèÑÉÕ”(€€€€€€€ô°(€€€€€€€€‰Ù¥Ñ”ˆèì(€€€€€€€€€€‰½ÁÑ¥½¹…°ˆè™…±Í”(€€€€€€€ô(€€€€€ô(€€€ô°(€€€€‰¹½‘•}µ½‘Õ±•Ì½Ù¥Ñ•ÍÐ½¹½‘•}µ½‘Õ±•Ì½Á¥½µ…Ñ ˆèì(€€€€€€‰Ù•ÉÍ¥½¸ˆè€ˆÐ¸À¸Ðˆ°(€€€€€€‰É•Í½±Ù•ˆè€‰¡ÑÑÁÌè¼½É•¥ÍÑÉä¹¹Áµ©Ì¹½Éœ½Á¥½µ…Ñ ¼´½Á¥½µ…Ñ ´Ð¸À¸Ð¹Ñèˆ°(€€€€€€‰¥¹Ñ•É¥Ñäˆè€‰Í¡„ÔÄÈµE@àá	-Ù5…´¼Í9á ÙÙ¨É¼ÈÅHÙ5©áiUÙ¹±ÝL½Á¹Ù8å%Y1½1!áe%é¡œÙ™UD¬ÕÑ Ù@Ñ‘ØÑ•\å©`ÍM%¨Ýôôˆ°(€€€€€€‰‘•ØˆèÑÉÕ”°(€€€€€€‰•¹¥¹•Ìˆèì(€€€€€€€€‰¹½‘”ˆè€ˆøôÄÈˆ(€€€€€ô°(€€€€€€‰™Õ¹‘¥¹œˆèì(€€€€€€€€‰ÕÉ°ˆè€‰¡ÑÑÁÌè¼½¥Ñ¡Õˆ¹½´½ÍÁ½¹Í½ÉÌ½©½¹Í¡±¥¹­•ÉÐˆ(€€€€€ô(€€€ô°(€€€€‰¹½‘•}µ½‘Õ±•Ì½ÜÍŒµáµ±Í•É¥…±¥é•Èˆèì(€€€€€€‰Ù•ÉÍ¥½¸ˆè€ˆÔ¸À¸Àˆ°(€€€€€€‰É•Í½±Ù•ˆè€‰¡ÑÑÁÌè¼½É•¥ÍÑÉä¹¹Áµ©Ì¹½Éœ½ÜÍŒµáµ±Í•É¥…±¥é•È¼´½ÜÍŒµáµ±Í•É¥…±¥é•È´Ô¸À¸À¹Ñèˆ°(€€€€€€‰¥¹Ñ•É¥Ñäˆè€‰Í¡„ÔÄÈµ¼áÅ¡±$á9i!TÅ±1AÉÁ¤È­UÄÝ…‰ ÑAÁe9±…±é]áå]Ñ•)=ÍÈ½@­½A	ÐåQ=1ÔÕQi<ÑÍå5¹])™¥5¼Ñ	­µôôˆ°(€€€€€€‰‘•ØˆèÑÉÕ”°(€€€€€€‰‘•Á•¹‘•¹¥•Ìˆèì(€€€€€€€€‰áµ°µ¹…µ”µÙ…±¥‘…Ñ½Èˆè€‰xÔ¸À¸Àˆ(€€€€€ô°(€€€€€€‰•¹¥¹•Ìˆèì(€€€€€€€€‰¹½‘”ˆè€ˆøôÄàˆ(€€€€€ô(€€€ô°(€€€€‰¹½‘•}µ½‘Õ±•Ì½Ý•‰¥‘°µ½¹Ù•ÉÍ¥½¹Ìˆèì(€€€€€€‰Ù•ÉÍ¥½¸ˆè€ˆà¸À¸Äˆ°(€€€€€€‰É•Í½±Ù•ˆè€‰¡ÑÑÁÌè¼½É•¥ÍÑÉä¹¹Áµ©Ì¹½Éœ½Ý•‰¥‘°µ½¹Ù•ÉÍ¥½¹Ì¼´½Ý•‰¥‘°µ½¹Ù•ÉÍ¥½¹Ì´à¸À¸Ä¹Ñèˆ°(€€€€€€‰¥¹Ñ•É¥Ñäˆè€‰Í¡„ÔÄÈµ	5¡1½MÜ­‰)ÈÅ½Uå…i`ÐÅ¹AÐá‰UQœ­©]å•œÝ”Ýe8Ñá=4ÀÕeAM%a•¹aYÑÅåÜ½15±UE5Ñ5h­AÁÅDôôˆ°(€€€€€€‰‘•ØˆèÑÉÕ”°(€€€€€€‰•¹¥¹•Ìˆèì(€€€€€€€€‰¹½‘”ˆè€ˆøôÈÀˆ(€€€€€ô(€€€ô°(€€€€‰¹½‘•}µ½‘Õ±•Ì½Ý¡…ÑÝœµµ¥µ•ÑåÁ”ˆèì(€€€€€€‰Ù•ÉÍ¥½¸ˆè€ˆÔ¸À¸Àˆ°(€€€€€€‰É•Í½±Ù•ˆè€‰¡ÑÑÁÌè¼½É•¥ÍÑÉä¹¹Áµ©Ì¹½Éœ½Ý¡…ÑÝœµµ¥µ•ÑåÁ”¼´½Ý¡…ÑÝœµµ¥µ•ÑåÁ”´Ô¸À¸À¹Ñèˆ°(€€€€€€‰¥¹Ñ•É¥Ñäˆè€‰Í¡„ÔÄÈµÍa9!=ÔÅÕAÁ@½Ñ9YÑÉ­©MTÉ™9Í´å¥½œÑiÙi)Í0ÍÉ©½éai¡­´É5]ÐÅä­AU‘-eY½5%eÌÜáÝ(ÔÅÜôôˆ°(€€€€€€‰‘•ØˆèÑÉÕ”°(€€€€€€‰•¹¥¹•Ìˆèì(€€€€€€€€‰¹½‘”ˆè€ˆøôÈÀˆ(€€€€€ô(€€€ô°(€€€€‰¹½‘•}µ½‘Õ±•Ì½Ý¡…ÑÝœµÕÉ°ˆèì(€€€€€€‰Ù•ÉÍ¥½¸ˆè€ˆÄØ¸À¸Äˆ°(€€€€€€‰É•Í½±Ù•ˆè€‰¡ÑÑÁÌè¼½É•¥ÍÑÉä¹¹Áµ©Ì¹½Éœ½Ý¡…ÑÝœµÕÉ°¼´½Ý¡…ÑÝœµÕÉ°´ÄØ¸À¸Ä¹Ñèˆ°(€€€€€€‰¥¹Ñ•É¥Ñäˆè€‰Í¡„ÔÄÈ´ÅÑ¼Ñéa	áµa!XÍ%¥MM%¹ÉÉ•%±ÔÀÉÙU=ÙÉ¡á)) ÕÙáeQ	àÔÅÅi¥-‘åQá±•‘-9M©¨áá	á9˜ÙYœ¬äÐÕÜôôˆ°(€€€€€€‰‘•ØˆèÑÉÕ”°(€€€€€€‰‘•Á•¹‘•¹¥•Ìˆèì(€€€€€€€€‰•á½‘ÕÌ½‰åÑ•Ìˆè€‰xÄ¸ÄÄ¸Àˆ°(€€€€€€€€‰ÑÈÐØˆè€‰xØ¸À¸Àˆ°(€€€€€€€€‰Ý•‰¥‘°µ½¹Ù•ÉÍ¥½¹Ìˆè€‰xà¸À¸Äˆ(€€€€€ô°(€€€€€€‰•¹¥¹•Ìˆèì(€€€€€€€€‰¹½‘”ˆè€‰xÈÀ¸Ää¸ÀñðxÈÈ¸ÄÈ¸Àñð€øôÈÐ¸À¸Àˆ(€€€€€ô(€€€ô°(€€€€‰¹½‘•}µ½‘Õ±•Ì½Ý¡¥ ˆèì(€€€€€€‰Ù•ÉÍ¥½¸ˆè€ˆÈ¸À¸Èˆ°(€€€€€€‰É•Í½±Ù•ˆè€‰¡ÑÑÁÌè¼½É•¥ÍÑÉä¹¹Áµ©Ì¹½Éœ½Ý¡¥ ¼´½Ý¡¥ ´È¸À¸È¹Ñèˆ°(€€€€€€‰¥¹Ñ•É¥Ñäˆè€‰Í¡„ÔÄÈµ	1$ÍQ°ÅQ\ÍAÙ°ÜÁ°ÍåÄÍdØÑ¤­…ÝÁÝaÅÍ	e]­­Å5Ñ¹‰aÉ5­å¨ÝÉ¡\Á­Õáé)…ea©\Õ½…Á-95-95©¥‰ôôˆ°(€€€€€€‰‘•ØˆèÑÉÕ”°(€€€€€€‰±¥•¹Í”ˆè€‰%Mˆ°(€€€€€€‰‘•Á•¹‘•¹¥•Ìˆèì(€€€€€€€€‰¥Í•á”ˆè€‰xÈ¸À¸Àˆ(€€€€€ô°(€€€€€€‰‰¥¸ˆèì(€€€€€€€€‰¹½‘”µÝ¡¥ ˆè€‰‰¥¸½¹½‘”µÝ¡¥ ˆ(€€€€€ô°(€€€€€€‰•¹¥¹•Ìˆèì(€€€€€€€€‰¹½‘”ˆè€ˆøô€àˆ(€€€€€ô(€€€ô°(€€€€‰¹½‘•}µ½‘Õ±•Ì½Ý¡¥ µ‰½á•µÁÉ¥µ¥Ñ¥Ù”ˆèì(€€€€€€‰Ù•ÉÍ¥½¸ˆè€ˆÄ¸Ä¸Äˆ°(€€€€€€‰É•Í½±Ù•ˆè€‰¡ÑÑÁÌè¼½É•¥ÍÑÉä¹¹Áµ©Ì¹½Éœ½Ý¡¥ µ‰½á•µÁÉ¥µ¥Ñ¥Ù”¼´½Ý¡¥ µ‰½á•µÁÉ¥µ¥Ñ¥Ù”´Ä¸Ä¸Ä¹Ñèˆ°(€€€€€€‰¥¹Ñ•É¥Ñäˆè€‰Í¡„ÔÄÈµQ‰`Íµ¨á¸Á½‘	Y±dáá­Å!MÜÍ0ØÁ©%Õá©@Üá…èÍÉe¡µÙÅ‰!	Á©QI È½áÅeÕ¹É(åœÅ©Må©©Á½]é%ôôˆ°(€€€€€€‰‘•ØˆèÑÉÕ”°(€€€€€€‰±¥•¹Í”ˆè€‰5%Pˆ°(€€€€€€‰‘•Á•¹‘•¹¥•Ìˆèì(€€€€€€€€‰¥Ìµ‰¥¥¹Ðˆè€‰xÄ¸Ä¸Àˆ°(€€€€€€€€‰¥Ìµ‰½½±•…¸µ½‰©•Ðˆè€‰xÄ¸È¸Äˆ°(€€€€€€€€‰¥Ìµ¹Õµ‰•Èµ½‰©•Ðˆè€‰xÄ¸Ä¸Äˆ°(€€€€€€€€‰¥ÌµÍÑÉ¥¹œˆè€‰xÄ¸Ä¸Äˆ°(€€€€€€€€‰¥ÌµÍåµ‰½°ˆè€‰xÄ¸Ä¸Äˆ(€€€€€ô°(€€€€€€‰•¹¥¹•Ìˆèì(€€€€€€€€‰¹½‘”ˆè€ˆøô€À¸Ðˆ(€€€€€ô°(€€€€€€‰™Õ¹‘¥¹œˆèì(€€€€€€€€‰ÕÉ°ˆè€‰¡ÑÑÁÌè¼½¥Ñ¡Õˆ¹½´½ÍÁ½¹Í½ÉÌ½±©¡…Éˆˆ(€€€€€ô(€€€ô°(€€€€‰¹½‘•}µ½‘Õ±•Ì½Ý¡¥ µ‰Õ¥±Ñ¥¸µÑåÁ”ˆèì(€€€€€€‰Ù•ÉÍ¥½¸ˆè€ˆÄ¸È¸Äˆ°(€€€€€€‰É•Í½±Ù•ˆè€‰¡ÑÑÁÌè¼½É•¥ÍÑÉä¹¹Áµ©Ì¹½Éœ½Ý¡¥ µ‰Õ¥±Ñ¥¸µÑåÁ”¼´½Ý¡¥ µ‰Õ¥±Ñ¥¸µÑåÁ”´Ä¸È¸Ä¹Ñèˆ°(€€€€€€‰¥¹Ñ•É¥Ñäˆè€‰Í¡„ÔÄÈ´Ù¥	é½`­­DÝ„Ì­e)	¹ ÍP­-iIá4½¥e9Aa¥Å¬ØØ½E™´ÅˆäÍ¥Ô­å=%µ­œÁé!‰¨Õ19=9ØÅQ¥hÁá„ÌÑÑÄÙDôôˆ°(€€€€€€‰‘•ØˆèÑÉÕ”°(€€€€€€‰±¥•¹Í”ˆè€‰5%Pˆ°(€€€€€€‰‘•Á•¹‘•¹¥•Ìˆèì(€€€€€€€€‰…±°µ‰½Õ¹ˆè€‰xÄ¸À¸Èˆ°(€€€€€€€€‰™Õ¹Ñ¥½¸¹ÁÉ½Ñ½ÑåÁ”¹¹…µ”ˆè€‰xÄ¸Ä¸Øˆ°(€€€€€€€€‰¡…ÌµÑ½ÍÑÉ¥¹Ñ…œˆè€‰xÄ¸À¸Èˆ°(€€€€€€€€‰¥Ìµ…Íå¹Œµ™Õ¹Ñ¥½¸ˆè€‰xÈ¸À¸Àˆ°(€€€€€€€€‰¥Ìµ‘…Ñ”µ½‰©•Ðˆè€‰xÄ¸Ä¸Àˆ°(€€€€€€€€‰¥Ìµ™¥¹…±¥é…Ñ¥½¹É•¥ÍÑÉäˆè€‰xÄ¸Ä¸Àˆ°(€€€€€€€€‰¥Ìµ•¹•É…Ñ½Èµ™Õ¹Ñ¥½¸ˆè€‰xÄ¸À¸ÄÀˆ°(€€€€€€€€‰¥ÌµÉ••àˆè€‰xÄ¸È¸Äˆ°(€€€€€€€€‰¥ÌµÝ•…­É•˜ˆè€‰xÄ¸À¸Èˆ°(€€€€€€€€‰¥Í…ÉÉ…äˆè€‰xÈ¸À¸Ôˆ°(€€€€€€€€‰Ý¡¥ µ‰½á•µÁÉ¥µ¥Ñ¥Ù”ˆè€‰xÄ¸Ä¸Àˆ°(€€€€€€€€‰Ý¡¥ µ½±±•Ñ¥½¸ˆè€‰xÄ¸À¸Èˆ°(€€€€€€€€‰Ý¡¥ µÑåÁ•µ…ÉÉ…äˆè€‰xÄ¸Ä¸ÄØˆ(€€€€€ô°(€€€€€€‰•¹¥¹•Ìˆèì(€€€€€€€€‰¹½‘”ˆè€ˆøô€À¸Ðˆ(€€€€€ô°(€€€€€€‰™Õ¹‘¥¹œˆèì(€€€€€€€€‰ÕÉ°ˆè€‰¡ÑÑÁÌè¼½¥Ñ¡Õˆ¹½´½ÍÁ½¹Í½ÉÌ½±©¡…Éˆˆ(€€€€€ô(€€€ô°(€€€€‰¹½‘•}µ½‘Õ±•Ì½Ý¡¥ µ½±±•Ñ¥½¸ˆèì(€€€€€€‰Ù•ÉÍ¥½¸ˆè€ˆÄ¸À¸Èˆ°(€€€€€€‰É•Í½±Ù•ˆè€‰¡ÑÑÁÌè¼½É•¥ÍÑÉä¹¹Áµ©Ì¹½Éœ½Ý¡¥ µ½±±•Ñ¥½¸¼´½Ý¡¥ µ½±±•Ñ¥½¸´Ä¸À¸È¹Ñèˆ°(€€€€€€‰¥¹Ñ•É¥Ñäˆè€‰Í¡„ÔÄÈµ,Ñ©Yå©¹	‘ÙŒàÙdÙ	­…1i8äÌÍMÝe=Õ	­‘µ	Ôåi™­‰‘Y‰Á%Q¹µ©Ùh½…E©IaEÉØÕA­Q¹ÅÌÌå¥¥Å‰¹Üôôˆ°(€€€€€€‰‘•ØˆèÑÉÕ”°(€€€€€€‰±¥•¹Í”ˆè€‰5%Pˆ°(€€€€€€‰‘•Á•¹‘•¹¥•Ìˆèì(€€€€€€€€‰¥Ìµµ…Àˆè€‰xÈ¸À¸Ìˆ°(€€€€€€€€‰¥ÌµÍ•Ðˆè€‰xÈ¸À¸Ìˆ°(€€€€€€€€‰¥ÌµÝ•…­µ…Àˆè€‰xÈ¸À¸Èˆ°(€€€€€€€€‰¥ÌµÝ•…­Í•Ðˆè€‰xÈ¸À¸Ìˆ(€€€€€ô°(€€€€€€‰•¹¥¹•Ìˆèì(€€€€€€€€‰¹½‘”ˆè€ˆøô€À¸Ðˆ(€€€€€ô°(€€€€€€‰™Õ¹‘¥¹œˆèì(€€€€€€€€‰ÕÉ°ˆè€‰¡ÑÑÁÌè¼½¥Ñ¡Õˆ¹½´½ÍÁ½¹Í½ÉÌ½±©¡…Éˆˆ(€€€€€ô(€€€ô°(€€€€‰¹½‘•}µ½‘Õ±•Ì½Ý¡¥ µÑåÁ•µ…ÉÉ…äˆèì(€€€€€€‰Ù•ÉÍ¥½¸ˆè€ˆÄ¸Ä¸ÈÀˆ°(€€€€€€‰É•Í½±Ù•ˆè€‰¡ÑÑÁÌè¼½É•¥ÍÑÉä¹¹Áµ©Ì¹½Éœ½Ý¡¥ µÑåÁ•µ…ÉÉ…ä¼´½Ý¡¥ µÑåÁ•µ…ÉÉ…ä´Ä¸Ä¸ÈÀ¹Ñèˆ°(€€€€€€‰¥¹Ñ•É¥Ñäˆè€‰Í¡„ÔÄÈµ1e™ÁU­µÅÝ°Á åÉ!0Àå5µÌÐÈÝDÅIi]Õ=!ÍÕ­™Y-IÄåÄäÕ¥Eá‘ÜÁ¥àÅ)EÉÅ‰HåA ÅEÝ˜ÕE¼á=iˆÕ±­Íháaœôôˆ°(€€€€€€‰‘•ØˆèÑÉÕ”°(€€€€€€‰±¥•¹Í”ˆè€‰5%Pˆ°(€€€€€€‰‘•Á•¹‘•¹¥•Ìˆèì(€€€€€€€€‰…Ù…¥±…‰±”µÑåÁ•µ…ÉÉ…åÌˆè€‰xÄ¸À¸Üˆ°(€€€€€€€€‰…±°µ‰¥¹ˆè€‰xÄ¸À¸àˆ°(€€€€€€€€‰…±°µ‰½Õ¹ˆè€‰xÄ¸À¸Ðˆ°(€€€€€€€€‰™½Èµ•… ˆè€‰xÀ¸Ì¸Ôˆ°(€€€€€€€€‰•ÐµÁÉ½Ñ¼ˆè€‰xÄ¸À¸Äˆ°(€€€€€€€€‰½Áˆè€‰xÄ¸È¸Àˆ°(€€€€€€€€‰¡…ÌµÑ½ÍÑÉ¥¹Ñ…œˆè€‰xÄ¸À¸Èˆ(€€€€€ô°(€€€€€€‰•¹¥¹•Ìˆèì(€€€€€€€€‰¹½‘”ˆè€ˆøô€À¸Ðˆ(€€€€€ô°(€€€€€€‰™Õ¹‘¥¹œˆèì(€€€€€€€€‰ÕÉ°ˆè€‰¡ÑÑÁÌè¼½¥Ñ¡Õˆ¹½´½ÍÁ½¹Í½ÉÌ½±©¡…Éˆˆ(€€€€€ô(€€€ô°(€€€€‰¹½‘•}µ½‘Õ±•Ì½Ý¡äµ¥Ìµ¹½‘”µÉÕ¹¹¥¹œˆèì(€€€€€€‰Ù•ÉÍ¥½¸ˆè€ˆÈ¸Ì¸Àˆ°(€€€€€€‰É•Í½±Ù•ˆè€‰¡ÑÑÁÌè¼½É•¥ÍÑÉä¹¹Áµ©Ì¹½Éœ½Ý¡äµ¥Ìµ¹½‘”µÉÕ¹¹¥¹œ¼´½Ý¡äµ¥Ìµ¹½‘”µÉÕ¹¹¥¹œ´È¸Ì¸À¹Ñèˆ°(€€€€€€‰¥¹Ñ•É¥Ñäˆè€‰Í¡„ÔÄÈµ¡UÉµ…]	‘YáÙeÅ¹å ÀåéÕ¹-éI=]©‰iQ¥9äá‘	©­LÝ•¡E¥‰a(ÝaÙ±µÑ‰ÝÕQ±U¥%å8­åaEÑYµ­¼á™9´áÜôôˆ°(€€€€€€‰‘•ØˆèÑÉÕ”°(€€€€€€‰‘•Á•¹‘•¹¥•Ìˆèì(€€€€€€€€‰Í¥¥¹™¼ˆè€‰xÈ¸À¸Àˆ°(€€€€€€€€‰ÍÑ…­‰…¬ˆè€ˆÀ¸À¸Èˆ(€€€€€ô°(€€€€€€‰‰¥¸ˆèì(€€€€€€€€‰Ý¡äµ¥Ìµ¹½‘”µÉÕ¹¹¥¹œˆè€‰±¤¹©Ìˆ(€€€€€ô°(€€€€€€‰•¹¥¹•Ìˆèì(€€€€€€€€‰¹½‘”ˆè€ˆøôàˆ(€€€€€ô(€€€ô°(€€€€‰¹½‘•}µ½‘Õ±•Ì½Ý½ÉµÝÉ…Àˆèì(€€€€€€‰Ù•ÉÍ¥½¸ˆè€ˆÄ¸È¸Ôˆ°(€€€€€€‰É•Í½±Ù•ˆè€‰¡ÑÑÁÌè¼½É•¥ÍÑÉä¹¹Áµ©Ì¹½Éœ½Ý½ÉµÝÉ…À¼´½Ý½ÉµÝÉ…À´Ä¸È¸Ô¹Ñèˆ°(€€€€€€‰¥¹Ñ•É¥Ñäˆè€‰Í¡„ÔÄÈµ	8ÈÉÕ•…55$åU5Ñ©ÉÕœÕ•eAÁAUäÁ)a‰eÍ…PÕéeá©=­LÔÍMEÍÁ]­Y½]Á!aYˆÍ	Ée8ÑQÝ„ÔÕÕôôˆ°(€€€€€€‰‘•ØˆèÑÉÕ”°(€€€€€€‰±¥•¹Í”ˆè€‰5%Pˆ°(€€€€€€‰•¹¥¹•Ìˆèì(€€€€€€€€‰¹½‘”ˆè€ˆøôÀ¸ÄÀ¸Àˆ(€€€€€ô(€€€ô°(€€€€‰¹½‘•}µ½‘Õ±•Ì½ÝÌˆèì(€€€€€€‰Ù•ÉÍ¥½¸ˆè€ˆà¸Ää¸Àˆ°(€€€€€€‰É•Í½±Ù•ˆè€‰¡ÑÑÁÌè¼½É•¥ÍÑÉä¹¹Áµ©Ì¹½Éœ½ÝÌ¼´½ÝÌ´à¸Ää¸À¹Ñèˆ°(€€€€€€‰¥¹Ñ•É¥Ñäˆè€‰Í¡„ÔÄÈµ‰±PÉµ©=%¤ÁiéÉÕ)™%¡ˆÍ¹ÁÌÜÑAI]QèÅ%©±]ÁE°ÕaL½U9…µ„ÙÔÈ½É©­½ÕÅÈÑ0ØÝÉä¬Å…%1Y¥]©œôôˆ°(€€€€€€‰±¥•¹Í”ˆè€‰5%Pˆ°(€€€€€€‰•¹¥¹•Ìˆèì(€€€€€€€€‰¹½‘”ˆè€ˆøôÄÀ¸À¸Àˆ(€€€€€ô°(€€€€€€‰Á••É•Á•¹‘•¹¥•Ìˆèì(€€€€€€€€‰‰Õ™™•ÉÕÑ¥°ˆè€‰xÐ¸À¸Äˆ°(€€€€€€€€‰ÕÑ˜´àµÙ…±¥‘…Ñ”ˆè€ˆøôÔ¸À¸Èˆ(€€€€€ô°(€€€€€€‰Á••É•Á•¹‘•¹¥•Í5•Ñ„ˆèì(€€€€€€€€‰‰Õ™™•ÉÕÑ¥°ˆèì(€€€€€€€€€€‰½ÁÑ¥½¹…°ˆèÑÉÕ”(€€€€€€€ô°(€€€€€€€€‰ÕÑ˜´àµÙ…±¥‘…Ñ”ˆèì(€€€€€€€€€€‰½ÁÑ¥½¹…°ˆèÑÉÕ”(€€€€€€€ô(€€€€€ô(€€€ô°(€€€€‰¹½‘•}µ½‘Õ±•Ì½áµ°µ¹…µ”µÙ…±¥‘…Ñ½Èˆèì(€€€€€€‰Ù•ÉÍ¥½¸ˆè€ˆÔ¸À¸Àˆ°(€€€€€€‰É•Í½±Ù•ˆè€‰¡ÑÑÁÌè¼½É•¥ÍÑÉä¹¹Áµ©Ì¹½Éœ½áµ°µ¹…µ”µÙ…±¥‘…Ñ½È¼´½áµ°µ¹…µ”µÙ…±¥‘…Ñ½È´Ô¸À¸À¹Ñèˆ°(€€€€€€‰¥¹Ñ•É¥Ñäˆè€‰Í¡„ÔÄÈµÙ,á(Í¡…!™‰I±Q=]LÕÁ<å5i%Q•…Õ!-)åˆáÝå…©U™EU•¹­%œÉ5Ù1QhÑP½Q%´Í!TÁQ	]]‰½hÌÁU!œôôˆ°(€€€€€€‰‘•ØˆèÑÉÕ”°(€€€€€€‰•¹¥¹•Ìˆèì(€€€€€€€€‰¹½‘”ˆè€ˆøôÄàˆ(€€€€€ô(€€€ô°(€€€€‰¹½‘•}µ½‘Õ±•Ì½áµ±¡…ÉÌˆèì(€€€€€€‰Ù•ÉÍ¥½¸ˆè€ˆÈ¸È¸Àˆ°(€€€€€€‰É•Í½±Ù•ˆè€‰¡ÑÑÁÌè¼½É•¥ÍÑÉä¹¹Áµ©Ì¹½Éœ½áµ±¡…ÉÌ¼´½áµ±¡…ÉÌ´È¸È¸À¹Ñèˆ°(€€€€€€‰¥¹Ñ•É¥Ñäˆè€‰Í¡„ÔÄÈµ)i¹-,áÁIÜàÑ9‘%Ái,­)Õ)Ü­ÌÝ1èá¹­Í$ÝM%ÕTÍUa))Í±UÑ¡Í¤­Õ]	Ue=ÝAÝ\Ý\ÝAI1I™U-Áá©Ñ©Üôôˆ°(€€€€€€‰‘•ØˆèÑÉÕ”(€€€ô°(€€€€‰¹½‘•}µ½‘Õ±•Ì½å…±±¥ÍÐˆèì(€€€€€€‰Ù•ÉÍ¥½¸ˆè€ˆÌ¸Ä¸Äˆ°(€€€€€€‰É•Í½±Ù•ˆè€‰¡ÑÑÁÌè¼½É•¥ÍÑÉä¹¹Áµ©Ì¹½Éœ½å…±±¥ÍÐ¼´½å…±±¥ÍÐ´Ì¸Ä¸Ä¹Ñèˆ°(€€€€€€‰¥¹Ñ•É¥Ñäˆè€‰Í¡„ÔÄÈµ„ÑUE…]A Ôåµ=aUe¹É•Ý¹ELÑ¤ÑÐÍQØÍ)½4­ÌÉYµLå9Í,áÁ51É!A­ÍPÝ Í,ÙQ=½U9¸ÉÁˆÝI½aàÑœôôˆ°(€€€€€€‰‘•ØˆèÑÉÕ”°(€€€€€€‰±¥•¹Í”ˆè€‰%Mˆ(€€€ô°(€€€€‰¹½‘•}µ½‘Õ±•Ì½å½Ñ¼µÅÕ•Õ”ˆèì(€€€€€€‰Ù•ÉÍ¥½¸ˆè€ˆÀ¸Ä¸Àˆ°(€€€€€€‰É•Í½±Ù•ˆè€‰¡ÑÑÁÌè¼½É•¥ÍÑÉä¹¹Áµ©Ì¹½Éœ½å½Ñ¼µÅÕ•Õ”¼´½å½Ñ¼µÅÕ•Õ”´À¸Ä¸À¹Ñèˆ°(€€€€€€‰¥¹Ñ•É¥Ñäˆè€‰Í¡„ÔÄÈµÉY­ÍÙÍ¹9‘(½½¡ŒÙáAÝå8á•¡•áÍ¥14áµáÕ½Ð½µ=YÅ)•ÝAÕ<Åµ¥1ÁQ!E¥IQ-1•á0Ñ5•Y…ÑÌÝ!µ9hÉDôôˆ°(€€€€€€‰‘•ØˆèÑÉÕ”°(€€€€€€‰±¥•¹Í”ˆè€‰5%Pˆ°(€€€€€€‰•¹¥¹•Ìˆèì(€€€€€€€€‰¹½‘”ˆè€ˆøôÄÀˆ(€€€€€ô°(€€€€€€‰™Õ¹‘¥¹œˆèì(€€€€€€€€‰ÕÉ°ˆè€‰¡ÑÑÁÌè¼½¥Ñ¡Õˆ¹½´½ÍÁ½¹Í½ÉÌ½Í¥¹‘É•Í½É¡ÕÌˆ(€€€€€ô(€€€ô°(€€€€‰¹½‘•}µ½‘Õ±•Ì½é½ˆèì(€€€€€€‰Ù•ÉÍ¥½¸ˆè€ˆÐ¸Ì¸Øˆ°(€€€€€€‰É•Í½±Ù•ˆè€‰¡ÑÑÁÌè¼½É•¥ÍÑÉä¹¹Áµ©Ì¹½Éœ½é½¼´½é½´Ð¸Ì¸Ø¹Ñèˆ°(€€€€€€‰¥¹Ñ•É¥Ñäˆè€‰Í¡„ÔÄÈµÉ™Ñ±É­¡!i=©Ý­±¹UÑii­Ù…A!ÍQÀÑÁÁÕ==5…Q‘aäÅÝÕY)½]½AÍ-`¼ÍeADÕ™!ÕÍMQ©eå-È­E¡œôôˆ°(€€€€€€‰‘•ØˆèÑÉÕ”°(€€€€€€‰±¥•¹Í”ˆè€‰5%Pˆ°(€€€€€€‰™Õ¹‘¥¹œˆèì(€€€€€€€€‰ÕÉ°ˆè€‰¡ÑÑÁÌè¼½¥Ñ¡Õˆ¹½´½ÍÁ½¹Í½ÉÌ½½±¥¹¡…­Ìˆ(€€€€€ô(€€€ô°(€€€€‰¹½‘•}µ½‘Õ±•Ì½é½µÙ…±¥‘…Ñ¥½¸µ•ÉÉ½Èˆèì(€€€€€€‰Ù•ÉÍ¥½¸ˆè€ˆÐ¸À¸Èˆ°(€€€€€€‰É•Í½±Ù•ˆè€‰¡ÑÑÁÌè¼½É•¥ÍÑÉä¹¹Áµ©Ì¹½Éœ½é½µÙ…±¥‘…Ñ¥½¸µ•ÉÉ½È¼´½é½µÙ…±¥‘…Ñ¥½¸µ•ÉÉ½È´Ð¸À¸È¹Ñèˆ°(€€€€€€‰¥¹Ñ•É¥Ñäˆè€‰Í¡„ÔÄÈµDØ½¹i1”Ù©áÕTàÁÅˆ¼ÑÕ(ÑÐÕØÉYhÐÑ±éE©A¡e)9éÑIDÑÝå]ŒÙYÍÍ-ˆ½™ÕA•ÑiE¹¡LÍ¡¹…©˜åÍ]•Í¡1Dôôˆ°(€€€€€€‰‘•ØˆèÑÉÕ”°(€€€€€€‰±¥•¹Í”ˆè€‰5%Pˆ°(€€€€€€‰•¹¥¹•Ìˆèì(€€€€€€€€‰¹½‘”ˆè€ˆøôÄà¸À¸Àˆ(€€€€€ô°(€€€€€€‰Á••É•Á•¹‘•¹¥•Ìˆèì(€€€€€€€€‰é½ˆè€‰xÌ¸ÈÔ¸ÀñðxÐ¸À¸Àˆ(€€€€€ô(€€€ô(€ô)ô(